
Microsoft Visual Studio Solution File, Format Version 12.00
# Visual Studio 15
VisualStudioVersion = 15.0.28307.1022
MinimumVisualStudioVersion = 10.0.40219.1
Project("{FAE04EC0-301F-11D3-BF4B-00C04F79EFBC}") = "MyBlogAppUI", "MyBlogAppUI\MyBlogAppUI.csproj", "{073A2452-40C8-4A13-A51E-3F4B9E87B3D2}"
EndProject
Project("{FAE04EC0-301F-11D3-BF4B-00C04F79EFBC}") = "MyBlog.Data", "MyBlog.Data\MyBlog.Data.csproj", "{39748778-C62F-4267-A3DF-C3BAAB8A50E5}"
EndProject
Global
	GlobalSection(SolutionConfigurationPlatforms) = preSolution
		Debug|Any CPU = Debug|Any CPU
		Release|Any CPU = Release|Any CPU
	EndGlobalSection
	GlobalSection(ProjectConfigurationPlatforms) = postSolution
		{073A2452-40C8-4A13-A51E-3F4B9E87B3D2}.Debug|Any CPU.ActiveCfg = Debug|Any CPU
		{073A2452-40C8-4A13-A51E-3F4B9E87B3D2}.Debug|Any CPU.Build.0 = Debug|Any CPU
		{073A2452-40C8-4A13-A51E-3F4B9E87B3D2}.Release|Any CPU.ActiveCfg = Release|Any CPU
		{073A2452-40C8-4A13-A51E-3F4B9E87B3D2}.Release|Any CPU.Build.0 = Release|Any CPU
		{39748778-C62F-4267-A3DF-C3BAAB8A50E5}.Debug|Any CPU.ActiveCfg = Debug|Any CPU
		{39748778-C62F-4267-A3DF-C3BAAB8A50E5}.Debug|Any CPU.Build.0 = Debug|Any CPU
		{39748778-C62F-4267-A3DF-C3BAAB8A50E5}.Release|Any CPU.ActiveCfg = Release|Any CPU
		{39748778-C62F-4267-A3DF-C3BAAB8A50E5}.Release|Any CPU.Build.0 = Release|Any CPU
	EndGlobalSection
	GlobalSection(SolutionProperties) = preSolution
		HideSolutionNode = FALSE
	EndGlobalSection
	GlobalSection(ExtensibilityGlobals) = postSolution
		SolutionGuid = {438DB9E0-552D-43C4-B0E2-799B2BDBC3BB}
	EndGlobalSection
EndGlobal
